{
  "name": "animadio.org",
  "version": "0.5.5",
  "lockfileVersion": 1,
  "requires": true,
  "dependencies": {
    "@fortawesome/fontawesome-free": {
      "version": "5.11.1",
      "resolved": "https://registry.npmjs.org/@fortawesome/fontawesome-free/-/fontawesome-free-5.11.1.tgz",
      "integrity": "sha512-DtXLVYAkDU0ce1cFUgLvZaMd1R2J/LviBYih9xr4ZLhQMrgvYX7w2vOxlpKLRALfIj5GyC5zoVrcACOkLcFgvg=="
    },
    "animadio": {
      "version": "1.1.4",
      "resolved": "https://registry.npmjs.org/animadio/-/animadio-1.1.4.tgz",
      "integrity": "sha512-TdrJ9hgY8FmlbfcYFmVRWre1tIh+HAJ773caNQ9x0qrgOsUe3/L4swksDM92Jvum/yd5dGkHzAKxhf2NZO8Kvw=="
    }
  }
}
