{
  "name": "animadio.org",
  "version": "0.5.1",
  "lockfileVersion": 1,
  "requires": true,
  "dependencies": {
    "@fortawesome/fontawesome-free": {
      "version": "5.10.2",
      "resolved": "https://registry.npmjs.org/@fortawesome/fontawesome-free/-/fontawesome-free-5.10.2.tgz",
      "integrity": "sha512-9pw+Nsnunl9unstGEHQ+u41wBEQue6XPBsILXtJF/4fNN1L3avJcMF/gGF86rIjeTAgfLjTY9ndm68/X4f4idQ=="
    },
    "animadio": {
      "version": "1.1.1",
      "resolved": "https://registry.npmjs.org/animadio/-/animadio-1.1.1.tgz",
      "integrity": "sha512-Pn8PQK+yLoze5BDS6xTQGD0vNtdyGF8kvKDqRL1tuFodUBbXUaRBT7rFVHyDm0KucYU7xT3tREAHalZB2CPCyQ=="
    }
  }
}
