{
  "name": "animadio.org",
  "version": "1.2.3",
  "lockfileVersion": 1,
  "requires": true,
  "dependencies": {
    "@fortawesome/fontawesome-free": {
      "version": "5.13.0",
      "resolved": "https://registry.npmjs.org/@fortawesome/fontawesome-free/-/fontawesome-free-5.13.0.tgz",
      "integrity": "sha512-xKOeQEl5O47GPZYIMToj6uuA2syyFlq9EMSl2ui0uytjY9xbe8XS0pexNWmxrdcCyNGyDmLyYw5FtKsalBUeOg=="
    },
    "animadio": {
      "version": "2.1.2",
      "resolved": "https://registry.npmjs.org/animadio/-/animadio-2.1.2.tgz",
      "integrity": "sha512-j418ez3GPKXRB7xHcxkhNed/CI599Hr28RfOHuw1FVRQCK2UpYj35DeftvU1SVkximGey/iW8XCLeCfo7Rbn/A=="
    },
    "animadio.js": {
      "version": "0.1.17",
      "resolved": "https://registry.npmjs.org/animadio.js/-/animadio.js-0.1.17.tgz",
      "integrity": "sha512-Rq/nibDgR3EX7q9TTTwJuXrc+PWcVQSVEcskwE1QtgUIcLG39U+E2GjWyIYoMs2S3nmjmJ8AbOBx6oBEoVVHTg=="
    }
  }
}
