{
  "name": "animadio.org",
  "requires": true,
  "lockfileVersion": 1,
  "dependencies": {
    "@fortawesome/fontawesome-free": {
      "version": "5.15.3",
      "resolved": "https://registry.npmjs.org/@fortawesome/fontawesome-free/-/fontawesome-free-5.15.3.tgz",
      "integrity": "sha512-rFnSUN/QOtnOAgqFRooTA3H57JLDm0QEG/jPdk+tLQNL/eWd+Aok8g3qCI+Q1xuDPWpGW/i9JySpJVsq8Q0s9w=="
    },
    "animadio": {
      "version": "4.1.5",
      "resolved": "https://registry.npmjs.org/animadio/-/animadio-4.1.5.tgz",
      "integrity": "sha512-BQJU4V75CMTvu39g9GptmV6R9Q6+HKFXHBASEB6bATmHfeST054R1wBe7csjcB27jhFhcT91RNICwNcN2FlrOQ=="
    }
  }
}
