{
  "name": "animadio.org",
  "lockfileVersion": 2,
  "requires": true,
  "packages": {
    "": {
      "name": "animadio.org",
      "license": "MIT",
      "dependencies": {
        "@fortawesome/fontawesome-free": "^6.2.0",
        "animadio": "^5.0.5"
      }
    },
    "node_modules/@fortawesome/fontawesome-free": {
      "version": "6.2.0",
      "resolved": "https://registry.npmjs.org/@fortawesome/fontawesome-free/-/fontawesome-free-6.2.0.tgz",
      "integrity": "sha512-CNR7qRIfCwWHNN7FnKUniva94edPdyQzil/zCwk3v6k4R6rR2Fr8i4s3PM7n/lyfPA6Zfko9z5WDzFxG9SW1uQ==",
      "hasInstallScript": true,
      "engines": {
        "node": ">=6"
      }
    },
    "node_modules/animadio": {
      "version": "5.0.5",
      "resolved": "https://registry.npmjs.org/animadio/-/animadio-5.0.5.tgz",
      "integrity": "sha512-a4YRF7CWU2X60Ba6ARo8UO9jMinoo7uM/5jPxXo9cDBqy0IIBItsB0wUrNXpXhCe4dwq9Mlq5TPADqFoQJGNfw=="
    }
  },
  "dependencies": {
    "@fortawesome/fontawesome-free": {
      "version": "6.2.0",
      "resolved": "https://registry.npmjs.org/@fortawesome/fontawesome-free/-/fontawesome-free-6.2.0.tgz",
      "integrity": "sha512-CNR7qRIfCwWHNN7FnKUniva94edPdyQzil/zCwk3v6k4R6rR2Fr8i4s3PM7n/lyfPA6Zfko9z5WDzFxG9SW1uQ=="
    },
    "animadio": {
      "version": "5.0.5",
      "resolved": "https://registry.npmjs.org/animadio/-/animadio-5.0.5.tgz",
      "integrity": "sha512-a4YRF7CWU2X60Ba6ARo8UO9jMinoo7uM/5jPxXo9cDBqy0IIBItsB0wUrNXpXhCe4dwq9Mlq5TPADqFoQJGNfw=="
    }
  }
}
