{
  "name": "animadio.org",
  "requires": true,
  "lockfileVersion": 1,
  "dependencies": {
    "@fortawesome/fontawesome-free": {
      "version": "5.15.1",
      "resolved": "https://registry.npmjs.org/@fortawesome/fontawesome-free/-/fontawesome-free-5.15.1.tgz",
      "integrity": "sha512-OEdH7SyC1suTdhBGW91/zBfR6qaIhThbcN8PUXtXilY4GYnSBbVqOntdHbC1vXwsDnX0Qix2m2+DSU1J51ybOQ=="
    },
    "animadio": {
      "version": "2.4.5",
      "resolved": "https://registry.npmjs.org/animadio/-/animadio-2.4.5.tgz",
      "integrity": "sha512-GQApg1IFFa0x5FpeKllbepnKCzpVS0Okz3t9crNS49h2IhksTPpywSS5dURsaioIY1Mvh6nagbHAnQGWWAD8rw=="
    },
    "animadio.js": {
      "version": "0.1.18",
      "resolved": "https://registry.npmjs.org/animadio.js/-/animadio.js-0.1.18.tgz",
      "integrity": "sha512-tJ/ytD0EL0MnOMFN9S0xJwaGFpFDPWd7hw7z7Qnq/B57gMf7y/+A5/GOnRBIJQp8EYzGHCyg80OO0sIS15kGzA=="
    }
  }
}
